# This file is automatically @generated by Cargo.
# It is not intended for manual editing.
version = 3

[[package]]
name = "maleicacid-cas-hal-core"
version = "0.1.0"

[[package]]
name = "maleicacid-cas-hal-transport"
version = "0.1.0"
dependencies = [
 "maleicacid-cas-hal-core",
 "maleicacid-tuner-hal2-key-provisioning-bridge-host-ci",
]

[[package]]
name = "maleicacid-tuner-hal2-key-provisioning-bridge-host-ci"
version = "0.0.0"
